
Microsoft Visual Studio Solution File, Format Version 12.00
# Visual Studio Version 17
VisualStudioVersion = 17.13.35919.96 d17.13
MinimumVisualStudioVersion = 10.0.40219.1
Project("{FAE04EC0-301F-11D3-BF4B-00C04F79EFBC}") = "LavanderiaAPI", "LavanderiaAPI\LavanderiaAPI.csproj", "{CDBB84AC-648E-4526-8A59-90CFCD5EF860}"
EndProject
Global
	GlobalSection(SolutionConfigurationPlatforms) = preSolution
		Debug|Any CPU = Debug|Any CPU
		Release|Any CPU = Release|Any CPU
	EndGlobalSection
	GlobalSection(ProjectConfigurationPlatforms) = postSolution
		{CDBB84AC-648E-4526-8A59-90CFCD5EF860}.Debug|Any CPU.ActiveCfg = Debug|Any CPU
		{CDBB84AC-648E-4526-8A59-90CFCD5EF860}.Debug|Any CPU.Build.0 = Debug|Any CPU
		{CDBB84AC-648E-4526-8A59-90CFCD5EF860}.Release|Any CPU.ActiveCfg = Release|Any CPU
		{CDBB84AC-648E-4526-8A59-90CFCD5EF860}.Release|Any CPU.Build.0 = Release|Any CPU
	EndGlobalSection
	GlobalSection(SolutionProperties) = preSolution
		HideSolutionNode = FALSE
	EndGlobalSection
	GlobalSection(ExtensibilityGlobals) = postSolution
		SolutionGuid = {83871544-5B3C-4574-91A2-3AC13DF83C52}
	EndGlobalSection
EndGlobal
